
Microsoft Visual Studio Solution File, Format Version 12.00
# Visual Studio Version 17
VisualStudioVersion = 17.8.34330.188
MinimumVisualStudioVersion = 10.0.40219.1
Project("{9A19103F-16F7-4668-BE54-9A1E7A4F7556}") = "CGRetry", "CGRetry.csproj", "{400ABF5F-790A-4AB3-B94C-0EA380BFCD5F}"
EndProject
Global
	GlobalSection(SolutionConfigurationPlatforms) = preSolution
		Debug|Any CPU = Debug|Any CPU
		Release|Any CPU = Release|Any CPU
	EndGlobalSection
	GlobalSection(ProjectConfigurationPlatforms) = postSolution
		{400ABF5F-790A-4AB3-B94C-0EA380BFCD5F}.Debug|Any CPU.ActiveCfg = Debug|Any CPU
		{400ABF5F-790A-4AB3-B94C-0EA380BFCD5F}.Debug|Any CPU.Build.0 = Debug|Any CPU
		{400ABF5F-790A-4AB3-B94C-0EA380BFCD5F}.Release|Any CPU.ActiveCfg = Release|Any CPU
		{400ABF5F-790A-4AB3-B94C-0EA380BFCD5F}.Release|Any CPU.Build.0 = Release|Any CPU
	EndGlobalSection
	GlobalSection(SolutionProperties) = preSolution
		HideSolutionNode = FALSE
	EndGlobalSection
	GlobalSection(ExtensibilityGlobals) = postSolution
		SolutionGuid = {C8782E98-C014-4916-AA7A-F83505A92BFD}
	EndGlobalSection
EndGlobal
